
Microsoft Visual Studio Solution File, Format Version 12.00
# Visual Studio Version 17
VisualStudioVersion = 17.2.32602.215
MinimumVisualStudioVersion = 10.0.40219.1
Project("{8BC9CEB8-8B4A-11D0-8D11-00A0C91BC942}") = "xsocket", "\172.30.138.119\code\src\xsocket\xsocket.vcxproj", "{05209AA5-D4D2-47F8-A75A-4085E407D031}"
EndProject
Project("{8BC9CEB8-8B4A-11D0-8D11-00A0C91BC942}") = "tcpserver", "\172.30.138.119\code\src\tcpserver\tcpserver.vcxproj", "{140DD939-FF2A-46CF-84A5-C0CE516BC7FA}"
	ProjectSection(ProjectDependencies) = postProject
		{05209AA5-D4D2-47F8-A75A-4085E407D031} = {05209AA5-D4D2-47F8-A75A-4085E407D031}
	EndProjectSection
EndProject
Global
	GlobalSection(SolutionConfigurationPlatforms) = preSolution
		Debug|x64 = Debug|x64
		Debug|x86 = Debug|x86
		Release|x64 = Release|x64
		Release|x86 = Release|x86
	EndGlobalSection
	GlobalSection(ProjectConfigurationPlatforms) = postSolution
		{05209AA5-D4D2-47F8-A75A-4085E407D031}.Debug|x64.ActiveCfg = Debug|x64
		{05209AA5-D4D2-47F8-A75A-4085E407D031}.Debug|x64.Build.0 = Debug|x64
		{05209AA5-D4D2-47F8-A75A-4085E407D031}.Debug|x86.ActiveCfg = Debug|Win32
		{05209AA5-D4D2-47F8-A75A-4085E407D031}.Debug|x86.Build.0 = Debug|Win32
		{05209AA5-D4D2-47F8-A75A-4085E407D031}.Release|x64.ActiveCfg = Release|x64
		{05209AA5-D4D2-47F8-A75A-4085E407D031}.Release|x64.Build.0 = Release|x64
		{05209AA5-D4D2-47F8-A75A-4085E407D031}.Release|x86.ActiveCfg = Release|Win32
		{05209AA5-D4D2-47F8-A75A-4085E407D031}.Release|x86.Build.0 = Release|Win32
		{140DD939-FF2A-46CF-84A5-C0CE516BC7FA}.Debug|x64.ActiveCfg = Debug|x64
		{140DD939-FF2A-46CF-84A5-C0CE516BC7FA}.Debug|x64.Build.0 = Debug|x64
		{140DD939-FF2A-46CF-84A5-C0CE516BC7FA}.Debug|x86.ActiveCfg = Debug|Win32
		{140DD939-FF2A-46CF-84A5-C0CE516BC7FA}.Debug|x86.Build.0 = Debug|Win32
		{140DD939-FF2A-46CF-84A5-C0CE516BC7FA}.Release|x64.ActiveCfg = Release|x64
		{140DD939-FF2A-46CF-84A5-C0CE516BC7FA}.Release|x64.Build.0 = Release|x64
		{140DD939-FF2A-46CF-84A5-C0CE516BC7FA}.Release|x86.ActiveCfg = Release|Win32
		{140DD939-FF2A-46CF-84A5-C0CE516BC7FA}.Release|x86.Build.0 = Release|Win32
	EndGlobalSection
	GlobalSection(SolutionProperties) = preSolution
		HideSolutionNode = FALSE
	EndGlobalSection
	GlobalSection(ExtensibilityGlobals) = postSolution
		SolutionGuid = {F98867EF-8263-4F26-B1AA-F33828AFBE1D}
	EndGlobalSection
EndGlobal
